
Microsoft Visual Studio Solution File, Format Version 12.00
# Visual Studio 15
VisualStudioVersion = 15.0.28307.421
MinimumVisualStudioVersion = 10.0.40219.1
Project("{FAE04EC0-301F-11D3-BF4B-00C04F79EFBC}") = "PretWorks.Helpers.Result", "PretWorks.Helpers.Result\PretWorks.Helpers.Result.csproj", "{CAF76511-5191-453C-9A53-9E91BA21385E}"
EndProject
Global
	GlobalSection(SolutionConfigurationPlatforms) = preSolution
		Debug|Any CPU = Debug|Any CPU
		Release|Any CPU = Release|Any CPU
	EndGlobalSection
	GlobalSection(ProjectConfigurationPlatforms) = postSolution
		{CAF76511-5191-453C-9A53-9E91BA21385E}.Debug|Any CPU.ActiveCfg = Debug|Any CPU
		{CAF76511-5191-453C-9A53-9E91BA21385E}.Debug|Any CPU.Build.0 = Debug|Any CPU
		{CAF76511-5191-453C-9A53-9E91BA21385E}.Release|Any CPU.ActiveCfg = Release|Any CPU
		{CAF76511-5191-453C-9A53-9E91BA21385E}.Release|Any CPU.Build.0 = Release|Any CPU
	EndGlobalSection
	GlobalSection(SolutionProperties) = preSolution
		HideSolutionNode = FALSE
	EndGlobalSection
	GlobalSection(ExtensibilityGlobals) = postSolution
		SolutionGuid = {ECF67D08-0E32-490F-85A5-C395D3097861}
	EndGlobalSection
EndGlobal
